
Microsoft Visual Studio Solution File, Format Version 12.00
# Visual Studio Version 17
VisualStudioVersion = 17.8.34525.116
MinimumVisualStudioVersion = 10.0.40219.1
Project("{9A19103F-16F7-4668-BE54-9A1E7A4F7556}") = "Space Adventure Game", "Space Adventure Game.csproj", "{9F1136F5-E84F-4008-86CA-0B5E0E7D862D}"
EndProject
Global
	GlobalSection(SolutionConfigurationPlatforms) = preSolution
		Debug|Any CPU = Debug|Any CPU
		Release|Any CPU = Release|Any CPU
	EndGlobalSection
	GlobalSection(ProjectConfigurationPlatforms) = postSolution
		{9F1136F5-E84F-4008-86CA-0B5E0E7D862D}.Debug|Any CPU.ActiveCfg = Debug|Any CPU
		{9F1136F5-E84F-4008-86CA-0B5E0E7D862D}.Debug|Any CPU.Build.0 = Debug|Any CPU
		{9F1136F5-E84F-4008-86CA-0B5E0E7D862D}.Release|Any CPU.ActiveCfg = Release|Any CPU
		{9F1136F5-E84F-4008-86CA-0B5E0E7D862D}.Release|Any CPU.Build.0 = Release|Any CPU
	EndGlobalSection
	GlobalSection(SolutionProperties) = preSolution
		HideSolutionNode = FALSE
	EndGlobalSection
	GlobalSection(ExtensibilityGlobals) = postSolution
		SolutionGuid = {46B639AA-48A4-40DF-B3C7-7CBC8F72B42F}
	EndGlobalSection
EndGlobal
